
Microsoft Visual Studio Solution File, Format Version 12.00
# Visual Studio 15
VisualStudioVersion = 15.0.28307.1022
MinimumVisualStudioVersion = 10.0.40219.1
Project("{8BC9CEB8-8B4A-11D0-8D11-00A0C91BC942}") = "SharkDll", "SharkDll\SharkDll.vcxproj", "{AB81B8D2-B51E-47EC-BBC7-CB504DC92132}"
EndProject
Global
	GlobalSection(SolutionConfigurationPlatforms) = preSolution
		Debug|x64 = Debug|x64
		Debug|x86 = Debug|x86
		Release|x64 = Release|x64
		Release|x86 = Release|x86
	EndGlobalSection
	GlobalSection(ProjectConfigurationPlatforms) = postSolution
		{AB81B8D2-B51E-47EC-BBC7-CB504DC92132}.Debug|x64.ActiveCfg = Debug|x64
		{AB81B8D2-B51E-47EC-BBC7-CB504DC92132}.Debug|x64.Build.0 = Debug|x64
		{AB81B8D2-B51E-47EC-BBC7-CB504DC92132}.Debug|x86.ActiveCfg = Debug|Win32
		{AB81B8D2-B51E-47EC-BBC7-CB504DC92132}.Debug|x86.Build.0 = Debug|Win32
		{AB81B8D2-B51E-47EC-BBC7-CB504DC92132}.Release|x64.ActiveCfg = Release|x64
		{AB81B8D2-B51E-47EC-BBC7-CB504DC92132}.Release|x64.Build.0 = Release|x64
		{AB81B8D2-B51E-47EC-BBC7-CB504DC92132}.Release|x86.ActiveCfg = Release|Win32
		{AB81B8D2-B51E-47EC-BBC7-CB504DC92132}.Release|x86.Build.0 = Release|Win32
	EndGlobalSection
	GlobalSection(SolutionProperties) = preSolution
		HideSolutionNode = FALSE
	EndGlobalSection
	GlobalSection(ExtensibilityGlobals) = postSolution
		SolutionGuid = {C19FF707-0666-4814-A709-0E7CA329D472}
	EndGlobalSection
EndGlobal
